
Microsoft Visual Studio Solution File, Format Version 12.00
# Visual Studio Version 17
VisualStudioVersion = 17.0.31612.314
MinimumVisualStudioVersion = 10.0.40219.1
Project("{2150E333-8FDC-42A3-9474-1A3956D46DE8}") = "src", "src", "{1B5C9816-9C03-4345-8781-A444F4F1D9A0}"
EndProject
Project("{9A19103F-16F7-4668-BE54-9A1E7A4F7556}") = "Cobra.Entities", "src\Cobra.Entities\Cobra.Entities.csproj", "{1AA49874-550E-455C-A99A-421F2884628B}"
EndProject
Project("{9A19103F-16F7-4668-BE54-9A1E7A4F7556}") = "Cobra.SharedKernel", "src\Cobra.SharedKernel\Cobra.SharedKernel.csproj", "{917ACB11-1251-4600-A5D3-416E60730153}"
EndProject
Project("{9A19103F-16F7-4668-BE54-9A1E7A4F7556}") = "Cobra.BuyList.Api", "src\Cobra.BuyList.Api\Cobra.BuyList.Api.csproj", "{04DE581F-3F83-4EE5-BB21-91714C6D09B2}"
EndProject
Project("{9A19103F-16F7-4668-BE54-9A1E7A4F7556}") = "Cobra.Core", "src\Cobra.Core\Cobra.Core.csproj", "{31FDC665-9F9C-42E9-8CCF-8B4C4B95E465}"
EndProject
Project("{9A19103F-16F7-4668-BE54-9A1E7A4F7556}") = "Cobra.Common", "src\Cobra.Common\Cobra.Common.csproj", "{88545F4D-D33A-44E8-8707-1154D0314294}"
EndProject
Project("{2150E333-8FDC-42A3-9474-1A3956D46DE8}") = "solution itens", "solution itens", "{3B2CB505-A656-4744-94C3-1EBB4165125E}"
	ProjectSection(SolutionItems) = preProject
		Packages.props = Packages.props
	EndProjectSection
EndProject
Project("{9A19103F-16F7-4668-BE54-9A1E7A4F7556}") = "Cobra.Infrastructure", "src\Cobra.Infrastructure\Cobra.Infrastructure.csproj", "{7A07D4C9-C72D-43A4-91EA-06823D3B983F}"
EndProject
Project("{D954291E-2A0B-460D-934E-DC6B0785DB48}") = "ModelsIdentity", "src\Models\ModelsIdentity.shproj", "{5F2D9249-3A25-4B4E-BE6B-6187088C9A56}"
EndProject
Project("{D954291E-2A0B-460D-934E-DC6B0785DB48}") = "Model", "Model\Model.shproj", "{916F36CF-D40D-48B7-87E7-CD4A8E9F5E5C}"
EndProject
Global
	GlobalSection(SharedMSBuildProjectFiles) = preSolution
		Model\Model.projitems*{31fdc665-9f9c-42e9-8ccf-8b4c4b95e465}*SharedItemsImports = 5
		src\Models\Models.projitems*{31fdc665-9f9c-42e9-8ccf-8b4c4b95e465}*SharedItemsImports = 5
		src\Models\Models.projitems*{5f2d9249-3a25-4b4e-be6b-6187088c9a56}*SharedItemsImports = 13
		Model\Model.projitems*{916f36cf-d40d-48b7-87e7-cd4a8e9f5e5c}*SharedItemsImports = 13
	EndGlobalSection
	GlobalSection(SolutionConfigurationPlatforms) = preSolution
		Debug|Any CPU = Debug|Any CPU
		Release|Any CPU = Release|Any CPU
	EndGlobalSection
	GlobalSection(ProjectConfigurationPlatforms) = postSolution
		{1AA49874-550E-455C-A99A-421F2884628B}.Debug|Any CPU.ActiveCfg = Debug|Any CPU
		{1AA49874-550E-455C-A99A-421F2884628B}.Debug|Any CPU.Build.0 = Debug|Any CPU
		{1AA49874-550E-455C-A99A-421F2884628B}.Release|Any CPU.ActiveCfg = Release|Any CPU
		{1AA49874-550E-455C-A99A-421F2884628B}.Release|Any CPU.Build.0 = Release|Any CPU
		{917ACB11-1251-4600-A5D3-416E60730153}.Debug|Any CPU.ActiveCfg = Debug|Any CPU
		{917ACB11-1251-4600-A5D3-416E60730153}.Debug|Any CPU.Build.0 = Debug|Any CPU
		{917ACB11-1251-4600-A5D3-416E60730153}.Release|Any CPU.ActiveCfg = Release|Any CPU
		{917ACB11-1251-4600-A5D3-416E60730153}.Release|Any CPU.Build.0 = Release|Any CPU
		{04DE581F-3F83-4EE5-BB21-91714C6D09B2}.Debug|Any CPU.ActiveCfg = Debug|Any CPU
		{04DE581F-3F83-4EE5-BB21-91714C6D09B2}.Debug|Any CPU.Build.0 = Debug|Any CPU
		{04DE581F-3F83-4EE5-BB21-91714C6D09B2}.Release|Any CPU.ActiveCfg = Release|Any CPU
		{04DE581F-3F83-4EE5-BB21-91714C6D09B2}.Release|Any CPU.Build.0 = Release|Any CPU
		{31FDC665-9F9C-42E9-8CCF-8B4C4B95E465}.Debug|Any CPU.ActiveCfg = Debug|Any CPU
		{31FDC665-9F9C-42E9-8CCF-8B4C4B95E465}.Debug|Any CPU.Build.0 = Debug|Any CPU
		{31FDC665-9F9C-42E9-8CCF-8B4C4B95E465}.Release|Any CPU.ActiveCfg = Release|Any CPU
		{31FDC665-9F9C-42E9-8CCF-8B4C4B95E465}.Release|Any CPU.Build.0 = Release|Any CPU
		{88545F4D-D33A-44E8-8707-1154D0314294}.Debug|Any CPU.ActiveCfg = Debug|Any CPU
		{88545F4D-D33A-44E8-8707-1154D0314294}.Debug|Any CPU.Build.0 = Debug|Any CPU
		{88545F4D-D33A-44E8-8707-1154D0314294}.Release|Any CPU.ActiveCfg = Release|Any CPU
		{88545F4D-D33A-44E8-8707-1154D0314294}.Release|Any CPU.Build.0 = Release|Any CPU
		{7A07D4C9-C72D-43A4-91EA-06823D3B983F}.Debug|Any CPU.ActiveCfg = Debug|Any CPU
		{7A07D4C9-C72D-43A4-91EA-06823D3B983F}.Debug|Any CPU.Build.0 = Debug|Any CPU
		{7A07D4C9-C72D-43A4-91EA-06823D3B983F}.Release|Any CPU.ActiveCfg = Release|Any CPU
		{7A07D4C9-C72D-43A4-91EA-06823D3B983F}.Release|Any CPU.Build.0 = Release|Any CPU
	EndGlobalSection
	GlobalSection(SolutionProperties) = preSolution
		HideSolutionNode = FALSE
	EndGlobalSection
	GlobalSection(NestedProjects) = preSolution
		{1AA49874-550E-455C-A99A-421F2884628B} = {1B5C9816-9C03-4345-8781-A444F4F1D9A0}
		{917ACB11-1251-4600-A5D3-416E60730153} = {1B5C9816-9C03-4345-8781-A444F4F1D9A0}
		{04DE581F-3F83-4EE5-BB21-91714C6D09B2} = {1B5C9816-9C03-4345-8781-A444F4F1D9A0}
		{31FDC665-9F9C-42E9-8CCF-8B4C4B95E465} = {1B5C9816-9C03-4345-8781-A444F4F1D9A0}
		{88545F4D-D33A-44E8-8707-1154D0314294} = {1B5C9816-9C03-4345-8781-A444F4F1D9A0}
		{7A07D4C9-C72D-43A4-91EA-06823D3B983F} = {1B5C9816-9C03-4345-8781-A444F4F1D9A0}
		{5F2D9249-3A25-4B4E-BE6B-6187088C9A56} = {1B5C9816-9C03-4345-8781-A444F4F1D9A0}
		{916F36CF-D40D-48B7-87E7-CD4A8E9F5E5C} = {1B5C9816-9C03-4345-8781-A444F4F1D9A0}
	EndGlobalSection
	GlobalSection(ExtensibilityGlobals) = postSolution
		SolutionGuid = {C2CF2F34-6BF3-4080-BBB7-00498E738E9A}
	EndGlobalSection
EndGlobal
